{
  "version": "5",
  "redirects": {
    "https://esm.sh/@google/generative-ai": "https://esm.sh/@google/generative-ai@0.24.1",
    "https://esm.sh/@supabase/node-fetch@^2.6.14?target=denonext": "https://esm.sh/@supabase/node-fetch@2.6.15?target=denonext",
    "https://esm.sh/@types/ws@~8.18.1/index.d.mts": "https://esm.sh/@types/ws@8.18.1/index.d.mts",
    "https://esm.sh/bufferutil@^4.0.1?target=denonext": "https://esm.sh/bufferutil@4.1.0?target=denonext",
    "https://esm.sh/node-gyp-build@^4.3.0?target=denonext": "https://esm.sh/node-gyp-build@4.8.4?target=denonext",
    "https://esm.sh/tr46@~0.0.3?target=denonext": "https://esm.sh/tr46@0.0.3?target=denonext",
    "https://esm.sh/utf-8-validate@%3E=5.0.2?target=denonext": "https://esm.sh/utf-8-validate@6.0.6?target=denonext",
    "https://esm.sh/webidl-conversions@^3.0.0?target=denonext": "https://esm.sh/webidl-conversions@3.0.1?target=denonext",
    "https://esm.sh/whatwg-url@^5.0.0?target=denonext": "https://esm.sh/whatwg-url@5.0.0?target=denonext",
    "https://esm.sh/ws@^8.14.2?target=denonext": "https://esm.sh/ws@8.19.0?target=denonext"
  },
  "remote": {
    "https://deno.land/std@0.177.0/async/abortable.ts": "73acfb3ed7261ce0d930dbe89e43db8d34e017b063cf0eaa7d215477bf53442e",
    "https://deno.land/std@0.177.0/async/deadline.ts": "c5facb0b404eede83e38bd2717ea8ab34faa2ffb20ef87fd261fcba32ba307aa",
    "https://deno.land/std@0.177.0/async/debounce.ts": "adab11d04ca38d699444ac8a9d9856b4155e8dda2afd07ce78276c01ea5a4332",
    "https://deno.land/std@0.177.0/async/deferred.ts": "42790112f36a75a57db4a96d33974a936deb7b04d25c6084a9fa8a49f135def8",
    "https://deno.land/std@0.177.0/async/delay.ts": "73aa04cec034c84fc748c7be49bb15cac3dd43a57174bfdb7a4aec22c248f0dd",
    "https://deno.land/std@0.177.0/async/mod.ts": "f04344fa21738e5ad6bea37a6bfffd57c617c2d372bb9f9dcfd118a1b622e576",
    "https://deno.land/std@0.177.0/async/mux_async_iterator.ts": "70c7f2ee4e9466161350473ad61cac0b9f115cff4c552eaa7ef9d50c4cbb4cc9",
    "https://deno.land/std@0.177.0/async/pool.ts": "fd082bd4aaf26445909889435a5c74334c017847842ec035739b4ae637ae8260",
    "https://deno.land/std@0.177.0/async/retry.ts": "5efa3ba450ac0c07a40a82e2df296287b5013755d232049efd7ea2244f15b20f",
    "https://deno.land/std@0.177.0/async/tee.ts": "47e42d35f622650b02234d43803d0383a89eb4387e1b83b5a40106d18ae36757",
    "https://deno.land/std@0.177.0/http/server.ts": "cbb17b594651215ba95c01a395700684e569c165a567e4e04bba327f41197433",
    "https://deno.land/std@0.224.0/assert/_constants.ts": "a271e8ef5a573f1df8e822a6eb9d09df064ad66a4390f21b3e31f820a38e0975",
    "https://deno.land/std@0.224.0/assert/assert.ts": "09d30564c09de846855b7b071e62b5974b001bb72a4b797958fe0660e7849834",
    "https://deno.land/std@0.224.0/assert/assert_almost_equals.ts": "9e416114322012c9a21fa68e187637ce2d7df25bcbdbfd957cd639e65d3cf293",
    "https://deno.land/std@0.224.0/assert/assert_array_includes.ts": "14c5094471bc8e4a7895fc6aa5a184300d8a1879606574cb1cd715ef36a4a3c7",
    "https://deno.land/std@0.224.0/assert/assert_equals.ts": "3bbca947d85b9d374a108687b1a8ba3785a7850436b5a8930d81f34a32cb8c74",
    "https://deno.land/std@0.224.0/assert/assert_exists.ts": "43420cf7f956748ae6ed1230646567b3593cb7a36c5a5327269279c870c5ddfd",
    "https://deno.land/std@0.224.0/assert/assert_false.ts": "3e9be8e33275db00d952e9acb0cd29481a44fa0a4af6d37239ff58d79e8edeff",
    "https://deno.land/std@0.224.0/assert/assert_greater.ts": "5e57b201fd51b64ced36c828e3dfd773412c1a6120c1a5a99066c9b261974e46",
    "https://deno.land/std@0.224.0/assert/assert_greater_or_equal.ts": "9870030f997a08361b6f63400273c2fb1856f5db86c0c3852aab2a002e425c5b",
    "https://deno.land/std@0.224.0/assert/assert_instance_of.ts": "e22343c1fdcacfaea8f37784ad782683ec1cf599ae9b1b618954e9c22f376f2c",
    "https://deno.land/std@0.224.0/assert/assert_is_error.ts": "f856b3bc978a7aa6a601f3fec6603491ab6255118afa6baa84b04426dd3cc491",
    "https://deno.land/std@0.224.0/assert/assert_less.ts": "60b61e13a1982865a72726a5fa86c24fad7eb27c3c08b13883fb68882b307f68",
    "https://deno.land/std@0.224.0/assert/assert_less_or_equal.ts": "d2c84e17faba4afe085e6c9123a63395accf4f9e00150db899c46e67420e0ec3",
    "https://deno.land/std@0.224.0/assert/assert_match.ts": "ace1710dd3b2811c391946954234b5da910c5665aed817943d086d4d4871a8b7",
    "https://deno.land/std@0.224.0/assert/assert_not_equals.ts": "78d45dd46133d76ce624b2c6c09392f6110f0df9b73f911d20208a68dee2ef29",
    "https://deno.land/std@0.224.0/assert/assert_not_instance_of.ts": "3434a669b4d20cdcc5359779301a0588f941ffdc2ad68803c31eabdb4890cf7a",
    "https://deno.land/std@0.224.0/assert/assert_not_match.ts": "df30417240aa2d35b1ea44df7e541991348a063d9ee823430e0b58079a72242a",
    "https://deno.land/std@0.224.0/assert/assert_not_strict_equals.ts": "37f73880bd672709373d6dc2c5f148691119bed161f3020fff3548a0496f71b8",
    "https://deno.land/std@0.224.0/assert/assert_object_match.ts": "411450fd194fdaabc0089ae68f916b545a49d7b7e6d0026e84a54c9e7eed2693",
    "https://deno.land/std@0.224.0/assert/assert_rejects.ts": "4bee1d6d565a5b623146a14668da8f9eb1f026a4f338bbf92b37e43e0aa53c31",
    "https://deno.land/std@0.224.0/assert/assert_strict_equals.ts": "b4f45f0fd2e54d9029171876bd0b42dd9ed0efd8f853ab92a3f50127acfa54f5",
    "https://deno.land/std@0.224.0/assert/assert_string_includes.ts": "496b9ecad84deab72c8718735373feb6cdaa071eb91a98206f6f3cb4285e71b8",
    "https://deno.land/std@0.224.0/assert/assert_throws.ts": "c6508b2879d465898dab2798009299867e67c570d7d34c90a2d235e4553906eb",
    "https://deno.land/std@0.224.0/assert/assertion_error.ts": "ba8752bd27ebc51f723702fac2f54d3e94447598f54264a6653d6413738a8917",
    "https://deno.land/std@0.224.0/assert/equal.ts": "bddf07bb5fc718e10bb72d5dc2c36c1ce5a8bdd3b647069b6319e07af181ac47",
    "https://deno.land/std@0.224.0/assert/fail.ts": "0eba674ffb47dff083f02ced76d5130460bff1a9a68c6514ebe0cdea4abadb68",
    "https://deno.land/std@0.224.0/assert/mod.ts": "48b8cb8a619ea0b7958ad7ee9376500fe902284bb36f0e32c598c3dc34cbd6f3",
    "https://deno.land/std@0.224.0/assert/unimplemented.ts": "8c55a5793e9147b4f1ef68cd66496b7d5ba7a9e7ca30c6da070c1a58da723d73",
    "https://deno.land/std@0.224.0/assert/unreachable.ts": "5ae3dbf63ef988615b93eb08d395dda771c96546565f9e521ed86f6510c29e19",
    "https://deno.land/std@0.224.0/fmt/colors.ts": "508563c0659dd7198ba4bbf87e97f654af3c34eb56ba790260f252ad8012e1c5",
    "https://deno.land/std@0.224.0/internal/diff.ts": "6234a4b493ebe65dc67a18a0eb97ef683626a1166a1906232ce186ae9f65f4e6",
    "https://deno.land/std@0.224.0/internal/format.ts": "0a98ee226fd3d43450245b1844b47003419d34d210fa989900861c79820d21c2",
    "https://deno.land/std@0.224.0/internal/mod.ts": "534125398c8e7426183e12dc255bb635d94e06d0f93c60a297723abe69d3b22e",
    "https://esm.sh/@google/generative-ai@0.24.1": "1b08807076eadeaddb89d41e9a2365e6980ec870416b808e58fd0ea6ac0a93d5",
    "https://esm.sh/@google/generative-ai@0.24.1/denonext/generative-ai.mjs": "08c9716071f5f129a462eb9c71ebaa7f0597d1ef5005ef995fd606f3f0f7f073",
    "https://esm.sh/@supabase/auth-js@2.64.2/denonext/auth-js.mjs": "ae42eb4c7ac9fe6bfcd0e5c242f353877cf148759d1502ee653f21b2028be5e1",
    "https://esm.sh/@supabase/functions-js@2.3.1/denonext/functions-js.mjs": "e8296206805e0997328ee586fad70f86e9ab63dd36f511a85ba8c7f8c903c508",
    "https://esm.sh/@supabase/node-fetch@2.6.15/denonext/node-fetch.mjs": "0bae9052231f4f6dbccc7234d05ea96923dbf967be12f402764580b6bf9f713d",
    "https://esm.sh/@supabase/node-fetch@2.6.15?target=denonext": "4d28c4ad97328403184353f68434f2b6973971507919e9150297413664919cf3",
    "https://esm.sh/@supabase/postgrest-js@1.15.2/denonext/postgrest-js.mjs": "46a1fa1d82c4c082de350bb6b606b2f216e131b8e1f7d2c57a046e2ade2bc059",
    "https://esm.sh/@supabase/realtime-js@2.9.5/denonext/realtime-js.mjs": "6dfd328883982dee8a34d8b61b1f02a4a080ecd1a89a51e29b75efe6b40ed700",
    "https://esm.sh/@supabase/storage-js@2.5.5/denonext/storage-js.mjs": "a952ba6fdc889a4ae8d671ce4d1a152702c1caa3158eb2269a0208b091856075",
    "https://esm.sh/@supabase/supabase-js@2.43.4": "ed6952bb6d04f4abd86e80a0dde37f35798d483d2603cc8408baf310a21a0b36",
    "https://esm.sh/@supabase/supabase-js@2.43.4/denonext/supabase-js.mjs": "0b1353c9f4d8ade0ab96c56cf7c266f7ecb30c2fa93aa2ffbea9f23f8677dfdc",
    "https://esm.sh/bufferutil@4.1.0/denonext/bufferutil.mjs": "9b6e81087bdc57848ad1de1f8618ebbace98ebd9ff6cab51260b48c2a045a9c9",
    "https://esm.sh/bufferutil@4.1.0?target=denonext": "aaa2a112199593ccc40da1aedf5124779862ea166afb0a8529f04f907001428a",
    "https://esm.sh/node-gyp-build@4.8.4/denonext/node-gyp-build.mjs": "9a86f2d044fc77bd60aaa3d697c2ba1b818da5fb1b9aaeedec59a40b8e908803",
    "https://esm.sh/node-gyp-build@4.8.4?target=denonext": "261a6cedf1fdbf159798141ba1e2311ac1510682c5c8b55dacc8cf5fdee4aa06",
    "https://esm.sh/openai@4.47.0": "af7d5e9323e0ad0b3f6f3657735ed134f548edc53d29a41d857f8ff13ea4785b",
    "https://esm.sh/openai@4.47.0/denonext/_shims/MultipartBody.mjs": "8b64bd24130d518351473467edfc296c18ec75a9b0b5ec669b9becb3feb0b33e",
    "https://esm.sh/openai@4.47.0/denonext/_shims/auto/runtime.mjs": "273731e33969e61be0fd7c14a15486ad55c65922549302e9fe8d1f8b3b793954",
    "https://esm.sh/openai@4.47.0/denonext/_shims/index.mjs": "ca1a2fea4ed09dc5eae37f6e348821088beb7f7af7b08cc98cc4b7ce9bb79d6d",
    "https://esm.sh/openai@4.47.0/denonext/_shims/registry.mjs": "90b6ea77764d9ce1e4bfd92c0e4b7c6884f497e7d3ac06a96434e688e4ccc19b",
    "https://esm.sh/openai@4.47.0/denonext/_shims/web-runtime.mjs": "e75caf8b4c10eb15e405dd2397712a67ef4c3a3d8c0e6894024625a16dd222a7",
    "https://esm.sh/openai@4.47.0/denonext/core.mjs": "4cfa8dfcdb92ca9896e8fba42f1a16d8774794e8610fcd2e771b99d009dd1cb9",
    "https://esm.sh/openai@4.47.0/denonext/error.mjs": "c4227a564e7baec33af59856e2d4f51899394d959c2de97c12def80a8550fa65",
    "https://esm.sh/openai@4.47.0/denonext/lib/AbstractAssistantStreamRunner.mjs": "4acd8649348762a10585e94c698d0521aa54f5097c6dba4bd19c912d5e997ebe",
    "https://esm.sh/openai@4.47.0/denonext/lib/AbstractChatCompletionRunner.mjs": "76bb68e52e8b701200d4727b6b4a9407105180a20e7f266c3ac4e970c69192db",
    "https://esm.sh/openai@4.47.0/denonext/lib/AssistantStream.mjs": "0a101ba9e4c0146ace31b822e60c07aabf53eec44eb833d9b5f15f1ba9fb83f6",
    "https://esm.sh/openai@4.47.0/denonext/lib/ChatCompletionRunner.mjs": "992df6e2405eb2a8d5a01a56bbdd6a2aa181e59e8db4be08350c577843e78382",
    "https://esm.sh/openai@4.47.0/denonext/lib/ChatCompletionStream.mjs": "66eb794222d5e744190dbb0ae2c426d2d9ffd7d7cb310db5c607dedd50fc1d2b",
    "https://esm.sh/openai@4.47.0/denonext/lib/ChatCompletionStreamingRunner.mjs": "0d72979d8e01d6e69f59af46472546e198591cdf6e4030c44b271f1fbd9008d5",
    "https://esm.sh/openai@4.47.0/denonext/lib/RunnableFunction.mjs": "cb6af3fb426ae6e28ee5c86fac832b133c278e844807598b80ce7871e38c8ce3",
    "https://esm.sh/openai@4.47.0/denonext/lib/Util.mjs": "1b973a6aa0df13023d7bc2766ef0779bc0480bd6af7cd40cec2b8c64fe5b8c35",
    "https://esm.sh/openai@4.47.0/denonext/lib/chatCompletionUtils.mjs": "0cbc68701727f607d18b5fcf70ee8ed00f28872a0ee8d733be585a362b0ad31d",
    "https://esm.sh/openai@4.47.0/denonext/openai.mjs": "11df60e9608dbb17a236da517ef9d939666fc64193a81d50480f7948b9ef0baa",
    "https://esm.sh/openai@4.47.0/denonext/pagination.mjs": "1284f95bcc3899b79eb0c5828ee4414dd0fa4f7af91e13a35f8b0e270dd9483a",
    "https://esm.sh/openai@4.47.0/denonext/resource.mjs": "6c9ba00a3a465a69b253e68c691b6b435cde0676cdfbbd9af786a50770c8d4eb",
    "https://esm.sh/openai@4.47.0/denonext/resources/audio/audio.mjs": "7517d3c6201b0f5abc6f81e993f345ac0038090ca7cec555c91c7cbf55f6e64e",
    "https://esm.sh/openai@4.47.0/denonext/resources/audio/speech.mjs": "d2b55e793312c8fe69f091a6019018dc6746997bf147847d85f188c3aef9c505",
    "https://esm.sh/openai@4.47.0/denonext/resources/audio/transcriptions.mjs": "820fb0155581bffaf49ab83de7340e772f3e65bbc9dc2c2dea971188fe510464",
    "https://esm.sh/openai@4.47.0/denonext/resources/audio/translations.mjs": "a41d042ba5f8405ffae7bb3ceee1c1938da43d80bac9b062d1fc0520da5a01c9",
    "https://esm.sh/openai@4.47.0/denonext/resources/batches.mjs": "140d93983511b9130df0e11ae6b8bcf0c158ff321bc47a4e972d8de6ab2510be",
    "https://esm.sh/openai@4.47.0/denonext/resources/beta/assistants.mjs": "475489d0a666ec74dd1ccbbee5de53d44018b89330ec02f195265bd18d7a1fb4",
    "https://esm.sh/openai@4.47.0/denonext/resources/beta/beta.mjs": "d69781b40f064bc0548eb7c844ca91e99bd4690966166938525c6ffa29acb852",
    "https://esm.sh/openai@4.47.0/denonext/resources/beta/chat/chat.mjs": "088c08240473ae570a8de3f0338ba367f75826cca5715bbd8e5bd297037d7378",
    "https://esm.sh/openai@4.47.0/denonext/resources/beta/chat/completions.mjs": "e2061780fb0e5cfdedfa0b74b12103e1de68cfe1e0c48a4560b9a2e7d39d0186",
    "https://esm.sh/openai@4.47.0/denonext/resources/beta/threads/messages.mjs": "ce9175ac9275af1f442cb1fc1cb4cd292e3ffb50b93ef2254ed277645f66d9b9",
    "https://esm.sh/openai@4.47.0/denonext/resources/beta/threads/runs/runs.mjs": "e2eed36b1a79ee52dc94f7e65775a512a5e7e49ad643b8c5fbba611fd8721247",
    "https://esm.sh/openai@4.47.0/denonext/resources/beta/threads/runs/steps.mjs": "1d671bedb8ec42053947cb22d73cce3f76300372df6e6a7d66be51d0a44e3b6c",
    "https://esm.sh/openai@4.47.0/denonext/resources/beta/threads/threads.mjs": "da9d02d603bc49e0e0f92aa3c0b7fec66fe345092435df7a6b8b93d0eebd647c",
    "https://esm.sh/openai@4.47.0/denonext/resources/beta/vector-stores/file-batches.mjs": "2c61c6d53917dffe6643ff09fe61b972508a16b5b52df34043f1cbddcf72d136",
    "https://esm.sh/openai@4.47.0/denonext/resources/beta/vector-stores/files.mjs": "7c94eeba01408af8c815717047d2daa23625a6f46ab5ce7f299056fdcf2b125d",
    "https://esm.sh/openai@4.47.0/denonext/resources/beta/vector-stores/vector-stores.mjs": "caa93441cb556cc61f8215eada9a63c50853c2c03b74d31a225efc10ab72689d",
    "https://esm.sh/openai@4.47.0/denonext/resources/chat/chat.mjs": "b73f2c36806c3980c5d2423d6fc33c221fc48c6da771035a7c3321763bdce1b2",
    "https://esm.sh/openai@4.47.0/denonext/resources/chat/completions.mjs": "7dac3c5361a2e4ebcbc84edc30954b7f2c11592edbac4ad2334f738870250915",
    "https://esm.sh/openai@4.47.0/denonext/resources/chat/index.mjs": "51e03f7177be034f25e357f8b84818e801727bbeb5a3dbfdd89b1bf50a7371a6",
    "https://esm.sh/openai@4.47.0/denonext/resources/completions.mjs": "840f22a98ef84c406c44cbe77051cac5e4cdaa0cbb2c15f6523cc1451f5c4f83",
    "https://esm.sh/openai@4.47.0/denonext/resources/embeddings.mjs": "c5ecdf332e6355f9659fbe20e214315a4828e0d5dadbe3e5b0396f4824f452c3",
    "https://esm.sh/openai@4.47.0/denonext/resources/files.mjs": "d90083d7d21afec9da4d0235ca56bfbf018d6634f814588a9f2d33afcaf499c6",
    "https://esm.sh/openai@4.47.0/denonext/resources/fine-tuning/fine-tuning.mjs": "288d99fc80ca87ab3ace9e85b8cb4910c42a827d95766416d63ffd543554f762",
    "https://esm.sh/openai@4.47.0/denonext/resources/fine-tuning/jobs/checkpoints.mjs": "530b745d839171eb4e54348a17d9d9ec267d567f77f11dc8f9aba74daf813ef4",
    "https://esm.sh/openai@4.47.0/denonext/resources/fine-tuning/jobs/jobs.mjs": "1923735d29907631197bb078efc53d21a995aa73f06902c8f63319fb2075f851",
    "https://esm.sh/openai@4.47.0/denonext/resources/images.mjs": "f54c266154ac57399882746db6093bb373dca0e58eafc6248b201273519bcf96",
    "https://esm.sh/openai@4.47.0/denonext/resources/index.mjs": "c45cdfb5f7c46227208fa42630f970eddc94b5aa5750f9af8f627e17921fca2d",
    "https://esm.sh/openai@4.47.0/denonext/resources/models.mjs": "1577fdd9edcea3e93c59d16434321cf8c38227e27901099cd990534ebf90c393",
    "https://esm.sh/openai@4.47.0/denonext/resources/moderations.mjs": "7d63aa331a49f10534b2dcfcea379c073c392c0f97bb4eecd1e1cd19a3011ac7",
    "https://esm.sh/openai@4.47.0/denonext/resources/shared.mjs": "b4721827be214617f6dae50b92cc1ffa47fe83b3b21eba26c5bd200b78905f94",
    "https://esm.sh/openai@4.47.0/denonext/streaming.mjs": "55ced3ab69bead25d7602f8b337d2b02f9553b6c27aef4afeb2e932f19e87f43",
    "https://esm.sh/openai@4.47.0/denonext/uploads.mjs": "476542e664da8397e4a6bb5e19abb48f2ecfdc8f797790bd6bc2b0627d565780",
    "https://esm.sh/openai@4.47.0/denonext/version.mjs": "4c6c6b87140e4cde54269061eebef10d1451515d5c2a3913428383f42ebcfd00",
    "https://esm.sh/tr46@0.0.3/denonext/tr46.mjs": "5753ec0a99414f4055f0c1f97691100f13d88e48a8443b00aebb90a512785fa2",
    "https://esm.sh/tr46@0.0.3?target=denonext": "19cb9be0f0d418a0c3abb81f2df31f080e9540a04e43b0f699bce1149cba0cbb",
    "https://esm.sh/utf-8-validate@6.0.6/denonext/utf-8-validate.mjs": "4a41983aa887625615f52a52b53c223d8f16c74e52a6bd41b2c361894c07f878",
    "https://esm.sh/utf-8-validate@6.0.6?target=denonext": "8afa4e097093160323f232f971ca61474d22ccafdac8025e4e4f66ab4e07b2c4",
    "https://esm.sh/webidl-conversions@3.0.1/denonext/webidl-conversions.mjs": "238cd0743827707cbc1c2d7c2cf1027dbc536fb53ec9a3fde0ff8026a3ac5385",
    "https://esm.sh/webidl-conversions@3.0.1?target=denonext": "4e20318d50528084616c79d7b3f6e7f0fe7b6d09013bd01b3974d7448d767e29",
    "https://esm.sh/whatwg-url@5.0.0/denonext/whatwg-url.mjs": "29b16d74ee72624c915745bbd25b617cfd2248c6af0f5120d131e232a9a9af79",
    "https://esm.sh/whatwg-url@5.0.0?target=denonext": "f001a2cadf81312d214ca330033f474e74d81a003e21e8c5d70a1f46dc97b02d",
    "https://esm.sh/ws@8.19.0/denonext/ws.mjs": "20159ebe457a6c0fdf9a80f10ab7cb73d0d7359e507c714f65eb9eadcc6ab9b2",
    "https://esm.sh/ws@8.19.0?target=denonext": "5754cf6636f02a4d1d3d9aaa9ebca9f6c08c121d3b3f0935dc2936b7a14c9453"
  },
  "workspace": {
    "packageJson": {
      "dependencies": [
        "npm:@capacitor/android@^8.1.0",
        "npm:@capacitor/cli@^8.1.0",
        "npm:@capacitor/core@^8.1.0",
        "npm:@capacitor/ios@^8.1.0",
        "npm:@supabase/supabase-js@^2.43.4",
        "npm:@types/node@^20.12.7",
        "npm:@types/papaparse@^5.5.2",
        "npm:@types/react-dom@^18.2.7",
        "npm:@types/react@^18.2.21",
        "npm:@typescript-eslint/eslint-plugin@^7.17.0",
        "npm:@typescript-eslint/parser@^7.17.0",
        "npm:@vitejs/plugin-react@^4.2.1",
        "npm:autoprefixer@^10.4.17",
        "npm:classnames@^2.5.1",
        "npm:eslint-config-prettier@^9.1.0",
        "npm:eslint-plugin-react-hooks@^4.6.0",
        "npm:eslint-plugin-react-refresh@~0.4.5",
        "npm:eslint-plugin-react@^7.34.1",
        "npm:eslint@^8.57.0",
        "npm:lucide-react@0.360",
        "npm:papaparse@^5.5.3",
        "npm:postcss@^8.4.38",
        "npm:react-dom@^18.2.0",
        "npm:react-hook-form@^7.51.5",
        "npm:react-hot-toast@^2.6.0",
        "npm:react-router-dom@^6.22.3",
        "npm:react@^18.2.0",
        "npm:recharts@^3.6.0",
        "npm:tailwindcss@^3.4.3",
        "npm:typescript@^5.4.5",
        "npm:vite@^7.3.0",
        "npm:xlsx@~0.18.5",
        "npm:zustand@^4.5.2"
      ]
    }
  }
}
